
Microsoft Visual Studio Solution File, Format Version 10.00
# Visual Studio 2008
Project("{FAE04EC0-301F-11D3-BF4B-00C04F79EFBC}") = "Rijndael", "Rijndael\Rijndael.csproj", "{729863A9-4B60-4727-8836-CC1E0084F9EB}"
EndProject
Global
	GlobalSection(SolutionConfigurationPlatforms) = preSolution
		Debug|Any CPU = Debug|Any CPU
		Release|Any CPU = Release|Any CPU
	EndGlobalSection
	GlobalSection(ProjectConfigurationPlatforms) = postSolution
		{729863A9-4B60-4727-8836-CC1E0084F9EB}.Debug|Any CPU.ActiveCfg = Debug|Any CPU
		{729863A9-4B60-4727-8836-CC1E0084F9EB}.Debug|Any CPU.Build.0 = Debug|Any CPU
		{729863A9-4B60-4727-8836-CC1E0084F9EB}.Release|Any CPU.ActiveCfg = Release|Any CPU
		{729863A9-4B60-4727-8836-CC1E0084F9EB}.Release|Any CPU.Build.0 = Release|Any CPU
	EndGlobalSection
	GlobalSection(SolutionProperties) = preSolution
		HideSolutionNode = FALSE
	EndGlobalSection
EndGlobal
