
Microsoft Visual Studio Solution File, Format Version 10.00
# Visual Studio 2008
Project("{FAE04EC0-301F-11D3-BF4B-00C04F79EFBC}") = "DigitalClock", "DigitalClock\DigitalClock.csproj", "{9F3B8E36-C8C4-4747-9DA2-9ECCB4AEDF9C}"
EndProject
Global
	GlobalSection(SolutionConfigurationPlatforms) = preSolution
		Debug|Any CPU = Debug|Any CPU
		Release|Any CPU = Release|Any CPU
	EndGlobalSection
	GlobalSection(ProjectConfigurationPlatforms) = postSolution
		{9F3B8E36-C8C4-4747-9DA2-9ECCB4AEDF9C}.Debug|Any CPU.ActiveCfg = Debug|Any CPU
		{9F3B8E36-C8C4-4747-9DA2-9ECCB4AEDF9C}.Debug|Any CPU.Build.0 = Debug|Any CPU
		{9F3B8E36-C8C4-4747-9DA2-9ECCB4AEDF9C}.Release|Any CPU.ActiveCfg = Release|Any CPU
		{9F3B8E36-C8C4-4747-9DA2-9ECCB4AEDF9C}.Release|Any CPU.Build.0 = Release|Any CPU
	EndGlobalSection
	GlobalSection(SolutionProperties) = preSolution
		HideSolutionNode = FALSE
	EndGlobalSection
EndGlobal
