
Microsoft Visual Studio Solution File, Format Version 10.00
# Visual Studio 2008
Project("{FAE04EC0-301F-11D3-BF4B-00C04F79EFBC}") = "HashAlgo", "HashAlgo\HashAlgo.csproj", "{46CF7363-E8E8-4137-9595-EB581D4D5364}"
EndProject
Global
	GlobalSection(SolutionConfigurationPlatforms) = preSolution
		Debug|Any CPU = Debug|Any CPU
		Release|Any CPU = Release|Any CPU
	EndGlobalSection
	GlobalSection(ProjectConfigurationPlatforms) = postSolution
		{46CF7363-E8E8-4137-9595-EB581D4D5364}.Debug|Any CPU.ActiveCfg = Debug|Any CPU
		{46CF7363-E8E8-4137-9595-EB581D4D5364}.Debug|Any CPU.Build.0 = Debug|Any CPU
		{46CF7363-E8E8-4137-9595-EB581D4D5364}.Release|Any CPU.ActiveCfg = Release|Any CPU
		{46CF7363-E8E8-4137-9595-EB581D4D5364}.Release|Any CPU.Build.0 = Release|Any CPU
	EndGlobalSection
	GlobalSection(SolutionProperties) = preSolution
		HideSolutionNode = FALSE
	EndGlobalSection
EndGlobal
